
Microsoft Visual Studio Solution File, Format Version 11.00
# Visual Studio 2010
Project("{FAE04EC0-301F-11D3-BF4B-00C04F79EFBC}") = "TrashMonkeysFINAL", "Assembly-CSharp.csproj", "{CBEB7DC4-5E6A-CACC-14FD-A93ACD18FBD1}"
EndProject
Global
	GlobalSection(SolutionConfigurationPlatforms) = preSolution
		Debug|Any CPU = Debug|Any CPU
		Release|Any CPU = Release|Any CPU
	EndGlobalSection
	GlobalSection(ProjectConfigurationPlatforms) = postSolution
		{CBEB7DC4-5E6A-CACC-14FD-A93ACD18FBD1}.Debug|Any CPU.ActiveCfg = Debug|Any CPU
		{CBEB7DC4-5E6A-CACC-14FD-A93ACD18FBD1}.Debug|Any CPU.Build.0 = Debug|Any CPU
		{CBEB7DC4-5E6A-CACC-14FD-A93ACD18FBD1}.Release|Any CPU.ActiveCfg = Release|Any CPU
		{CBEB7DC4-5E6A-CACC-14FD-A93ACD18FBD1}.Release|Any CPU.Build.0 = Release|Any CPU
	EndGlobalSection
	GlobalSection(SolutionProperties) = preSolution
		HideSolutionNode = FALSE
	EndGlobalSection
	GlobalSection(MonoDevelopProperties) = preSolution
		StartupItem = Assembly-CSharp.csproj
	EndGlobalSection
EndGlobal
